// !$*UTF8*$!
{
	archiveVersion = 1;
	classes = {
	};
	objectVersion = 55;
	objects = {

/* Begin PBXBuildFile section */
		520AD8BE296DDDB600AB2928 /* AppDelegate.swift in Sources */ = {isa = PBXBuildFile; fileRef = 520AD8BD296DDDB600AB2928 /* AppDelegate.swift */; };
		520AD8C0296DDDB600AB2928 /* SceneDelegate.swift in Sources */ = {isa = PBXBuildFile; fileRef = 520AD8BF296DDDB600AB2928 /* SceneDelegate.swift */; };
		520AD8C2296DDDB600AB2928 /* ViewController.swift in Sources */ = {isa = PBXBuildFile; fileRef = 520AD8C1296DDDB600AB2928 /* ViewController.swift */; };
		520AD8C5296DDDB600AB2928 /* Main.storyboard in Resources */ = {isa = PBXBuildFile; fileRef = 520AD8C3296DDDB600AB2928 /* Main.storyboard */; };
		520AD8C8296DDDB600AB2928 /* RC_week4.xcdatamodeld in Sources */ = {isa = PBXBuildFile; fileRef = 520AD8C6296DDDB600AB2928 /* RC_week4.xcdatamodeld */; };
		520AD8CA296DDDB800AB2928 /* Assets.xcassets in Resources */ = {isa = PBXBuildFile; fileRef = 520AD8C9296DDDB800AB2928 /* Assets.xcassets */; };
		520AD8CD296DDDB800AB2928 /* LaunchScreen.storyboard in Resources */ = {isa = PBXBuildFile; fileRef = 520AD8CB296DDDB800AB2928 /* LaunchScreen.storyboard */; };
		520AD8D5296DF4A700AB2928 /* DragDraft.swift in Sources */ = {isa = PBXBuildFile; fileRef = 520AD8D4296DF4A700AB2928 /* DragDraft.swift */; };
		525A1AC9296ECF570005B567 /* Meat.swift in Sources */ = {isa = PBXBuildFile; fileRef = 525A1AC8296ECF570005B567 /* Meat.swift */; };
		529BA18A296FD91300F1AADA /* TimerView.swift in Sources */ = {isa = PBXBuildFile; fileRef = 529BA189296FD91300F1AADA /* TimerView.swift */; };
/* End PBXBuildFile section */

/* Begin PBXFileReference section */
		520AD8BA296DDDB600AB2928 /* RC_week4.app */ = {isa = PBXFileReference; explicitFileType = wrapper.application; includeInIndex = 0; path = RC_week4.app; sourceTree = BUILT_PRODUCTS_DIR; };
		520AD8BD296DDDB600AB2928 /* AppDelegate.swift */ = {isa = PBXFileReference; lastKnownFileType = sourcecode.swift; path = AppDelegate.swift; sourceTree = "<group>"; };
		520AD8BF296DDDB600AB2928 /* SceneDelegate.swift */ = {isa = PBXFileReference; lastKnownFileType = sourcecode.swift; path = SceneDelegate.swift; sourceTree = "<group>"; };
		520AD8C1296DDDB600AB2928 /* ViewController.swift */ = {isa = PBXFileReference; lastKnownFileType = sourcecode.swift; path = ViewController.swift; sourceTree = "<group>"; };
		520AD8C4296DDDB600AB2928 /* Base */ = {isa = PBXFileReference; lastKnownFileType = file.storyboard; name = Base; path = Base.lproj/Main.storyboard; sourceTree = "<group>"; };
		520AD8C7296DDDB600AB2928 /* RC_week4.xcdatamodel */ = {isa = PBXFileReference; lastKnownFileType = wrapper.xcdatamodel; path = RC_week4.xcdatamodel; sourceTree = "<group>"; };
		520AD8C9296DDDB800AB2928 /* Assets.xcassets */ = {isa = PBXFileReference; lastKnownFileType = folder.assetcatalog; path = Assets.xcassets; sourceTree = "<group>"; };
		520AD8CC296DDDB800AB2928 /* Base */ = {isa = PBXFileReference; lastKnownFileType = file.storyboard; name = Base; path = Base.lproj/LaunchScreen.storyboard; sourceTree = "<group>"; };
		520AD8CE296DDDB800AB2928 /* Info.plist */ = {isa = PBXFileReference; lastKnownFileType = text.plist.xml; path = Info.plist; sourceTree = "<group>"; };
		520AD8D4296DF4A700AB2928 /* DragDraft.swift */ = {isa = PBXFileReference; lastKnownFileType = sourcecode.swift; path = DragDraft.swift; sourceTree = "<group>"; };
		525A1AC8296ECF570005B567 /* Meat.swift */ = {isa = PBXFileReference; lastKnownFileType = sourcecode.swift; path = Meat.swift; sourceTree = "<group>"; };
		529BA189296FD91300F1AADA /* TimerView.swift */ = {isa = PBXFileReference; lastKnownFileType = sourcecode.swift; path = TimerView.swift; sourceTree = "<group>"; };
/* End PBXFileReference section */

/* Begin PBXFrameworksBuildPhase section */
		520AD8B7296DDDB600AB2928 /* Frameworks */ = {
			isa = PBXFrameworksBuildPhase;
			buildActionMask = 2147483647;
			files = (
			);
			runOnlyForDeploymentPostprocessing = 0;
		};
/* End PBXFrameworksBuildPhase section */

/* Begin PBXGroup section */
		520AD8B1296DDDB600AB2928 = {
			isa = PBXGroup;
			children = (
				520AD8BC296DDDB600AB2928 /* RC_week4 */,
				520AD8BB296DDDB600AB2928 /* Products */,
			);
			sourceTree = "<group>";
		};
		520AD8BB296DDDB600AB2928 /* Products */ = {
			isa = PBXGroup;
			children = (
				520AD8BA296DDDB600AB2928 /* RC_week4.app */,
			);
			name = Products;
			sourceTree = "<group>";
		};
		520AD8BC296DDDB600AB2928 /* RC_week4 */ = {
			isa = PBXGroup;
			children = (
				525A1AC8296ECF570005B567 /* Meat.swift */,
				520AD8BD296DDDB600AB2928 /* AppDelegate.swift */,
				520AD8BF296DDDB600AB2928 /* SceneDelegate.swift */,
				520AD8C1296DDDB600AB2928 /* ViewController.swift */,
				520AD8C3296DDDB600AB2928 /* Main.storyboard */,
				520AD8D4296DF4A700AB2928 /* DragDraft.swift */,
				520AD8C9296DDDB800AB2928 /* Assets.xcassets */,
				520AD8CB296DDDB800AB2928 /* LaunchScreen.storyboard */,
				520AD8CE296DDDB800AB2928 /* Info.plist */,
				520AD8C6296DDDB600AB2928 /* RC_week4.xcdatamodeld */,
				529BA189296FD91300F1AADA /* TimerView.swift */,
			);
			path = RC_week4;
			sourceTree = "<group>";
		};
/* End PBXGroup section */

/* Begin PBXNativeTarget section */
		520AD8B9296DDDB600AB2928 /* RC_week4 */ = {
			isa = PBXNativeTarget;
			buildConfigurationList = 520AD8D1296DDDB800AB2928 /* Build configuration list for PBXNativeTarget "RC_week4" */;
			buildPhases = (
				520AD8B6296DDDB600AB2928 /* Sources */,
				520AD8B7296DDDB600AB2928 /* Frameworks */,
				520AD8B8296DDDB600AB2928 /* Resources */,
			);
			buildRules = (
			);
			dependencies = (
			);
			name = RC_week4;
			productName = RC_week4;
			productReference = 520AD8BA296DDDB600AB2928 /* RC_week4.app */;
			productType = "com.apple.product-type.application";
		};
/* End PBXNativeTarget section */

/* Begin PBXProject section */
		520AD8B2296DDDB600AB2928 /* Project object */ = {
			isa = PBXProject;
			attributes = {
				BuildIndependentTargetsInParallel = 1;
				LastSwiftUpdateCheck = 1340;
				LastUpgradeCheck = 1340;
				TargetAttributes = {
					520AD8B9296DDDB600AB2928 = {
						CreatedOnToolsVersion = 13.4.1;
					};
				};
			};
			buildConfigurationList = 520AD8B5296DDDB600AB2928 /* Build configuration list for PBXProject "RC_week4" */;
			compatibilityVersion = "Xcode 13.0";
			developmentRegion = en;
			hasScannedForEncodings = 0;
			knownRegions = (
				en,
				Base,
			);
			mainGroup = 520AD8B1296DDDB600AB2928;
			productRefGroup = 520AD8BB296DDDB600AB2928 /* Products */;
			projectDirPath = "";
			projectRoot = "";
			targets = (
				520AD8B9296DDDB600AB2928 /* RC_week4 */,
			);
		};
/* End PBXProject section */

/* Begin PBXResourcesBuildPhase section */
		520AD8B8296DDDB600AB2928 /* Resources */ = {
			isa = PBXResourcesBuildPhase;
			buildActionMask = 2147483647;
			files = (
				520AD8CD296DDDB800AB2928 /* LaunchScreen.storyboard in Resources */,
				520AD8CA296DDDB800AB2928 /* Assets.xcassets in Resources */,
				520AD8C5296DDDB600AB2928 /* Main.storyboard in Resources */,
			);
			runOnlyForDeploymentPostprocessing = 0;
		};
/* End PBXResourcesBuildPhase section */

/* Begin PBXSourcesBuildPhase section */
		520AD8B6296DDDB600AB2928 /* Sources */ = {
			isa = PBXSourcesBuildPhase;
			buildActionMask = 2147483647;
			files = (
				520AD8D5296DF4A700AB2928 /* DragDraft.swift in Sources */,
				520AD8C2296DDDB600AB2928 /* ViewController.swift in Sources */,
				520AD8C8296DDDB600AB2928 /* RC_week4.xcdatamodeld in Sources */,
				529BA18A296FD91300F1AADA /* TimerView.swift in Sources */,
				520AD8BE296DDDB600AB2928 /* AppDelegate.swift in Sources */,
				525A1AC9296ECF570005B567 /* Meat.swift in Sources */,
				520AD8C0296DDDB600AB2928 /* SceneDelegate.swift in Sources */,
			);
			runOnlyForDeploymentPostprocessing = 0;
		};
/* End PBXSourcesBuildPhase section */

/* Begin PBXVariantGroup section */
		520AD8C3296DDDB600AB2928 /* Main.storyboard */ = {
			isa = PBXVariantGroup;
			children = (
				520AD8C4296DDDB600AB2928 /* Base */,
			);
			name = Main.storyboard;
			sourceTree = "<group>";
		};
		520AD8CB296DDDB800AB2928 /* LaunchScreen.storyboard */ = {
			isa = PBXVariantGroup;
			children = (
				520AD8CC296DDDB800AB2928 /* Base */,
			);
			name = LaunchScreen.storyboard;
			sourceTree = "<group>";
		};
/* End PBXVariantGroup section */

/* Begin XCBuildConfiguration section */
		520AD8CF296DDDB800AB2928 /* Debug */ = {
			isa = XCBuildConfiguration;
			buildSettings = {
				ALWAYS_SEARCH_USER_PATHS = NO;
				CLANG_ANALYZER_NONNULL = YES;
				CLANG_ANALYZER_NUMBER_OBJECT_CONVERSION = YES_AGGRESSIVE;
				CLANG_CXX_LANGUAGE_STANDARD = "gnu++17";
				CLANG_ENABLE_MODULES = YES;
				CLANG_ENABLE_OBJC_ARC = YES;
				CLANG_ENABLE_OBJC_WEAK = YES;
				CLANG_WARN_BLOCK_CAPTURE_AUTORELEASING = YES;
				CLANG_WARN_BOOL_CONVERSION = YES;
				CLANG_WARN_COMMA = YES;
				CLANG_WARN_CONSTANT_CONVERSION = YES;
				CLANG_WARN_DEPRECATED_OBJC_IMPLEMENTATIONS = YES;
				CLANG_WARN_DIRECT_OBJC_ISA_USAGE = YES_ERROR;
				CLANG_WARN_DOCUMENTATION_COMMENTS = YES;
				CLANG_WARN_EMPTY_BODY = YES;
				CLANG_WARN_ENUM_CONVERSION = YES;
				CLANG_WARN_INFINITE_RECURSION = YES;
				CLANG_WARN_INT_CONVERSION = YES;
				CLANG_WARN_NON_LITERAL_NULL_CONVERSION = YES;
				CLANG_WARN_OBJC_IMPLICIT_RETAIN_SELF = YES;
				CLANG_WARN_OBJC_LITERAL_CONVERSION = YES;
				CLANG_WARN_OBJC_ROOT_CLASS = YES_ERROR;
				CLANG_WARN_QUOTED_INCLUDE_IN_FRAMEWORK_HEADER = YES;
				CLANG_WARN_RANGE_LOOP_ANALYSIS = YES;
				CLANG_WARN_STRICT_PROTOTYPES = YES;
				CLANG_WARN_SUSPICIOUS_MOVE = YES;
				CLANG_WARN_UNGUARDED_AVAILABILITY = YES_AGGRESSIVE;
				CLANG_WARN_UNREACHABLE_CODE = YES;
				CLANG_WARN__DUPLICATE_METHOD_MATCH = YES;
				COPY_PHASE_STRIP = NO;
				DEBUG_INFORMATION_FORMAT = dwarf;
				ENABLE_STRICT_OBJC_MSGSEND = YES;
				ENABLE_TESTABILITY = YES;
				GCC_C_LANGUAGE_STANDARD = gnu11;
				GCC_DYNAMIC_NO_PIC = NO;
				GCC_NO_COMMON_BLOCKS = YES;
				GCC_OPTIMIZATION_LEVEL = 0;
				GCC_PREPROCESSOR_DEFINITIONS = (
					"DEBUG=1",
					"$(inherited)",
				);
				GCC_WARN_64_TO_32_BIT_CONVERSION = YES;
				GCC_WARN_ABOUT_RETURN_TYPE = YES_ERROR;
				GCC_WARN_UNDECLARED_SELECTOR = YES;
				GCC_WARN_UNINITIALIZED_AUTOS = YES_AGGRESSIVE;
				GCC_WARN_UNUSED_FUNCTION = YES;
				GCC_WARN_UNUSED_VARIABLE = YES;
				IPHONEOS_DEPLOYMENT_TARGET = 15.5;
				MTL_ENABLE_DEBUG_INFO = INCLUDE_SOURCE;
				MTL_FAST_MATH = YES;
				ONLY_ACTIVE_ARCH = YES;
				SDKROOT = iphoneos;
				SWIFT_ACTIVE_COMPILATION_CONDITIONS = DEBUG;
				SWIFT_OPTIMIZATION_LEVEL = "-Onone";
			};
			name = Debug;
		};
		520AD8D0296DDDB800AB2928 /* Release */ = {
			isa = XCBuildConfiguration;
			buildSettings = {
				ALWAYS_SEARCH_USER_PATHS = NO;
				CLANG_ANALYZER_NONNULL = YES;
				CLANG_ANALYZER_NUMBER_OBJECT_CONVERSION = YES_AGGRESSIVE;
				CLANG_CXX_LANGUAGE_STANDARD = "gnu++17";
				CLANG_ENABLE_MODULES = YES;
				CLANG_ENABLE_OBJC_ARC = YES;
				CLANG_ENABLE_OBJC_WEAK = YES;
				CLANG_WARN_BLOCK_CAPTURE_AUTORELEASING = YES;
				CLANG_WARN_BOOL_CONVERSION = YES;
				CLANG_WARN_COMMA = YES;
				CLANG_WARN_CONSTANT_CONVERSION = YES;
				CLANG_WARN_DEPRECATED_OBJC_IMPLEMENTATIONS = YES;
				CLANG_WARN_DIRECT_OBJC_ISA_USAGE = YES_ERROR;
				CLANG_WARN_DOCUMENTATION_COMMENTS = YES;
				CLANG_WARN_EMPTY_BODY = YES;
				CLANG_WARN_ENUM_CONVERSION = YES;
				CLANG_WARN_INFINITE_RECURSION = YES;
				CLANG_WARN_INT_CONVERSION = YES;
				CLANG_WARN_NON_LITERAL_NULL_CONVERSION = YES;
				CLANG_WARN_OBJC_IMPLICIT_RETAIN_SELF = YES;
				CLANG_WARN_OBJC_LITERAL_CONVERSION = YES;
				CLANG_WARN_OBJC_ROOT_CLASS = YES_ERROR;
				CLANG_WARN_QUOTED_INCLUDE_IN_FRAMEWORK_HEADER = YES;
				CLANG_WARN_RANGE_LOOP_ANALYSIS = YES;
				CLANG_WARN_STRICT_PROTOTYPES = YES;
				CLANG_WARN_SUSPICIOUS_MOVE = YES;
				CLANG_WARN_UNGUARDED_AVAILABILITY = YES_AGGRESSIVE;
				CLANG_WARN_UNREACHABLE_CODE = YES;
				CLANG_WARN__DUPLICATE_METHOD_MATCH = YES;
				COPY_PHASE_STRIP = NO;
				DEBUG_INFORMATION_FORMAT = "dwarf-with-dsym";
				ENABLE_NS_ASSERTIONS = NO;
				ENABLE_STRICT_OBJC_MSGSEND = YES;
				GCC_C_LANGUAGE_STANDARD = gnu11;
				GCC_NO_COMMON_BLOCKS = YES;
				GCC_WARN_64_TO_32_BIT_CONVERSION = YES;
				GCC_WARN_ABOUT_RETURN_TYPE = YES_ERROR;
				GCC_WARN_UNDECLARED_SELECTOR = YES;
				GCC_WARN_UNINITIALIZED_AUTOS = YES_AGGRESSIVE;
				GCC_WARN_UNUSED_FUNCTION = YES;
				GCC_WARN_UNUSED_VARIABLE = YES;
				IPHONEOS_DEPLOYMENT_TARGET = 15.5;
				MTL_ENABLE_DEBUG_INFO = NO;
				MTL_FAST_MATH = YES;
				SDKROOT = iphoneos;
				SWIFT_COMPILATION_MODE = wholemodule;
				SWIFT_OPTIMIZATION_LEVEL = "-O";
				VALIDATE_PRODUCT = YES;
			};
			name = Release;
		};
		520AD8D2296DDDB800AB2928 /* Debug */ = {
			isa = XCBuildConfiguration;
			buildSettings = {
				ASSETCATALOG_COMPILER_APPICON_NAME = AppIcon;
				ASSETCATALOG_COMPILER_GLOBAL_ACCENT_COLOR_NAME = AccentColor;
				CODE_SIGN_STYLE = Automatic;
				CURRENT_PROJECT_VERSION = 1;
				DEVELOPMENT_TEAM = P59B85KQ98;
				GENERATE_INFOPLIST_FILE = YES;
				INFOPLIST_FILE = RC_week4/Info.plist;
				INFOPLIST_KEY_UIApplicationSupportsIndirectInputEvents = YES;
				INFOPLIST_KEY_UILaunchStoryboardName = LaunchScreen;
				INFOPLIST_KEY_UIMainStoryboardFile = Main;
				INFOPLIST_KEY_UISupportedInterfaceOrientations = "UIInterfaceOrientationLandscapeLeft UIInterfaceOrientationLandscapeRight";
				INFOPLIST_KEY_UISupportedInterfaceOrientations_iPad = "UIInterfaceOrientationPortrait UIInterfaceOrientationPortraitUpsideDown UIInterfaceOrientationLandscapeLeft UIInterfaceOrientationLandscapeRight";
				INFOPLIST_KEY_UISupportedInterfaceOrientations_iPhone = "UIInterfaceOrientationPortrait UIInterfaceOrientationLandscapeLeft UIInterfaceOrientationLandscapeRight";
				LD_RUNPATH_SEARCH_PATHS = (
					"$(inherited)",
					"@executable_path/Frameworks",
				);
				MARKETING_VERSION = 1.0;
				PRODUCT_BUNDLE_IDENTIFIER = "yeeun.RC-week4";
				PRODUCT_NAME = "$(TARGET_NAME)";
				SWIFT_EMIT_LOC_STRINGS = YES;
				SWIFT_VERSION = 5.0;
				TARGETED_DEVICE_FAMILY = "1,2";
			};
			name = Debug;
		};
		520AD8D3296DDDB800AB2928 /* Release */ = {
			isa = XCBuildConfiguration;
			buildSettings = {
				ASSETCATALOG_COMPILER_APPICON_NAME = AppIcon;
				ASSETCATALOG_COMPILER_GLOBAL_ACCENT_COLOR_NAME = AccentColor;
				CODE_SIGN_STYLE = Automatic;
				CURRENT_PROJECT_VERSION = 1;
				DEVELOPMENT_TEAM = P59B85KQ98;
				GENERATE_INFOPLIST_FILE = YES;
				INFOPLIST_FILE = RC_week4/Info.plist;
				INFOPLIST_KEY_UIApplicationSupportsIndirectInputEvents = YES;
				INFOPLIST_KEY_UILaunchStoryboardName = LaunchScreen;
				INFOPLIST_KEY_UIMainStoryboardFile = Main;
				INFOPLIST_KEY_UISupportedInterfaceOrientations = "UIInterfaceOrientationLandscapeLeft UIInterfaceOrientationLandscapeRight";
				INFOPLIST_KEY_UISupportedInterfaceOrientations_iPad = "UIInterfaceOrientationPortrait UIInterfaceOrientationPortraitUpsideDown UIInterfaceOrientationLandscapeLeft UIInterfaceOrientationLandscapeRight";
				INFOPLIST_KEY_UISupportedInterfaceOrientations_iPhone = "UIInterfaceOrientationPortrait UIInterfaceOrientationLandscapeLeft UIInterfaceOrientationLandscapeRight";
				LD_RUNPATH_SEARCH_PATHS = (
					"$(inherited)",
					"@executable_path/Frameworks",
				);
				MARKETING_VERSION = 1.0;
				PRODUCT_BUNDLE_IDENTIFIER = "yeeun.RC-week4";
				PRODUCT_NAME = "$(TARGET_NAME)";
				SWIFT_EMIT_LOC_STRINGS = YES;
				SWIFT_VERSION = 5.0;
				TARGETED_DEVICE_FAMILY = "1,2";
			};
			name = Release;
		};
/* End XCBuildConfiguration section */

/* Begin XCConfigurationList section */
		520AD8B5296DDDB600AB2928 /* Build configuration list for PBXProject "RC_week4" */ = {
			isa = XCConfigurationList;
			buildConfigurations = (
				520AD8CF296DDDB800AB2928 /* Debug */,
				520AD8D0296DDDB800AB2928 /* Release */,
			);
			defaultConfigurationIsVisible = 0;
			defaultConfigurationName = Release;
		};
		520AD8D1296DDDB800AB2928 /* Build configuration list for PBXNativeTarget "RC_week4" */ = {
			isa = XCConfigurationList;
			buildConfigurations = (
				520AD8D2296DDDB800AB2928 /* Debug */,
				520AD8D3296DDDB800AB2928 /* Release */,
			);
			defaultConfigurationIsVisible = 0;
			defaultConfigurationName = Release;
		};
/* End XCConfigurationList section */

/* Begin XCVersionGroup section */
		520AD8C6296DDDB600AB2928 /* RC_week4.xcdatamodeld */ = {
			isa = XCVersionGroup;
			children = (
				520AD8C7296DDDB600AB2928 /* RC_week4.xcdatamodel */,
			);
			currentVersion = 520AD8C7296DDDB600AB2928 /* RC_week4.xcdatamodel */;
			path = RC_week4.xcdatamodeld;
			sourceTree = "<group>";
			versionGroupType = wrapper.xcdatamodel;
		};
/* End XCVersionGroup section */
	};
	rootObject = 520AD8B2296DDDB600AB2928 /* Project object */;
}
